
Microsoft Visual Studio Solution File, Format Version 12.00
# Visual Studio Version 16
VisualStudioVersion = 16.0.30413.136
MinimumVisualStudioVersion = 10.0.40219.1
Project("{FAE04EC0-301F-11D3-BF4B-00C04F79EFBC}") = "Graf_red_Rolan", "Graf_red_Rolan.csproj", "{7A040F8F-7F80-4E86-BCCD-315C0094F21D}"
EndProject
Global
	GlobalSection(SolutionConfigurationPlatforms) = preSolution
		Debug|Any CPU = Debug|Any CPU
		Release|Any CPU = Release|Any CPU
	EndGlobalSection
	GlobalSection(ProjectConfigurationPlatforms) = postSolution
		{7A040F8F-7F80-4E86-BCCD-315C0094F21D}.Debug|Any CPU.ActiveCfg = Debug|Any CPU
		{7A040F8F-7F80-4E86-BCCD-315C0094F21D}.Debug|Any CPU.Build.0 = Debug|Any CPU
		{7A040F8F-7F80-4E86-BCCD-315C0094F21D}.Release|Any CPU.ActiveCfg = Release|Any CPU
		{7A040F8F-7F80-4E86-BCCD-315C0094F21D}.Release|Any CPU.Build.0 = Release|Any CPU
	EndGlobalSection
	GlobalSection(SolutionProperties) = preSolution
		HideSolutionNode = FALSE
	EndGlobalSection
	GlobalSection(ExtensibilityGlobals) = postSolution
		SolutionGuid = {105643CF-B5E0-48D2-9942-8874A809ADE8}
	EndGlobalSection
EndGlobal
